Microsoft Visual Studio Solution File, Format Version 12.00
# Visual Studio Version 17
VisualStudioVersion = 17.5.2.0
MinimumVisualStudioVersion = 10.0.40219.1
Project("{FAE04EC0-301F-11D3-BF4B-00C04F79EFBC}") = "CelularComPOO", "CelularComPOO.csproj", "{7C1D4681-B2DB-893D-C636-387DD7AA9958}"
EndProject
Global
	GlobalSection(SolutionConfigurationPlatforms) = preSolution
		Debug|Any CPU = Debug|Any CPU
		Release|Any CPU = Release|Any CPU
	EndGlobalSection
	GlobalSection(ProjectConfigurationPlatforms) = postSolution
		{7C1D4681-B2DB-893D-C636-387DD7AA9958}.Debug|Any CPU.ActiveCfg = Debug|Any CPU
		{7C1D4681-B2DB-893D-C636-387DD7AA9958}.Debug|Any CPU.Build.0 = Debug|Any CPU
		{7C1D4681-B2DB-893D-C636-387DD7AA9958}.Release|Any CPU.ActiveCfg = Release|Any CPU
		{7C1D4681-B2DB-893D-C636-387DD7AA9958}.Release|Any CPU.Build.0 = Release|Any CPU
	EndGlobalSection
	GlobalSection(SolutionProperties) = preSolution
		HideSolutionNode = FALSE
	EndGlobalSection
	GlobalSection(ExtensibilityGlobals) = postSolution
		SolutionGuid = {984600C2-3E94-452B-983B-301E6448B568}
	EndGlobalSection
EndGlobal
